
Microsoft Visual Studio Solution File, Format Version 12.00
# Visual Studio Version 16
VisualStudioVersion = 16.0.31727.386
MinimumVisualStudioVersion = 10.0.40219.1
Project("{9A19103F-16F7-4668-BE54-9A1E7A4F7556}") = "KUFM8A_HFT_2021221.Client", "KUFM8A_HFT_2021221.Client\KUFM8A_HFT_2021221.Client.csproj", "{D80B5416-19C5-4596-B27A-F67645BA9897}"
EndProject
Project("{9A19103F-16F7-4668-BE54-9A1E7A4F7556}") = "KUFM8A_HFT_2021221.Models", "KUFM8A_HFT_2021221.Models\KUFM8A_HFT_2021221.Models.csproj", "{494F5155-7DD4-4CA4-8C5D-5E6CB7CA9C19}"
EndProject
Project("{9A19103F-16F7-4668-BE54-9A1E7A4F7556}") = "KUFM8A_HFT_2021221.Data", "KUFM8A_HFT_2021221.Data\KUFM8A_HFT_2021221.Data.csproj", "{47C45DA4-3B87-4D08-8896-7E3A015C7E66}"
EndProject
Project("{9A19103F-16F7-4668-BE54-9A1E7A4F7556}") = "KUFM8A_HFT_2021221.Logic", "KUFM8A_HFT_2021221.Logic\KUFM8A_HFT_2021221.Logic.csproj", "{D4FA3F0D-90A9-4B2E-A499-B3425AF8B77C}"
EndProject
Project("{9A19103F-16F7-4668-BE54-9A1E7A4F7556}") = "KUFM8A_HFT_2021221.Repository", "KUFM8A_HFT_2021221.Repository\KUFM8A_HFT_2021221.Repository.csproj", "{365DBF59-4641-41D1-BE98-F53F666DA09A}"
EndProject
Project("{9A19103F-16F7-4668-BE54-9A1E7A4F7556}") = "KUFM8A_HFT_2021221.Endpoint", "KUFM8A_HFT_2021221.Endpoint\KUFM8A_HFT_2021221.Endpoint.csproj", "{DC2B5032-3C94-4EA3-84D8-461ED8DF9B26}"
EndProject
Project("{9A19103F-16F7-4668-BE54-9A1E7A4F7556}") = "KUFM8A_HFT_2021221.Test", "KUFM8A_HFT_2021221.Test\KUFM8A_HFT_2021221.Test.csproj", "{23B36394-EDD5-4D69-9C37-B8D877CBE8C6}"
EndProject
Project("{2150E333-8FDC-42A3-9474-1A3956D46DE8}") = "Backend", "Backend", "{31B8C718-BC17-4658-A7E3-F39C2118725B}"
EndProject
Project("{2150E333-8FDC-42A3-9474-1A3956D46DE8}") = "Frontend", "Frontend", "{D32352C6-DD60-421E-BC73-1F7CC90B945B}"
EndProject
Project("{2150E333-8FDC-42A3-9474-1A3956D46DE8}") = "Shared", "Shared", "{7E16FB68-3F7D-420E-91FB-A67E5E8C0EA9}"
EndProject
Project("{2150E333-8FDC-42A3-9474-1A3956D46DE8}") = "Others", "Others", "{3D2D02D4-1B80-4999-B326-A2EB2D31D15A}"
	ProjectSection(SolutionItems) = preProject
		.gitignore = .gitignore
	EndProjectSection
EndProject
Global
	GlobalSection(SolutionConfigurationPlatforms) = preSolution
		Debug|Any CPU = Debug|Any CPU
		Release|Any CPU = Release|Any CPU
	EndGlobalSection
	GlobalSection(ProjectConfigurationPlatforms) = postSolution
		{D80B5416-19C5-4596-B27A-F67645BA9897}.Debug|Any CPU.ActiveCfg = Debug|Any CPU
		{D80B5416-19C5-4596-B27A-F67645BA9897}.Debug|Any CPU.Build.0 = Debug|Any CPU
		{D80B5416-19C5-4596-B27A-F67645BA9897}.Release|Any CPU.ActiveCfg = Release|Any CPU
		{D80B5416-19C5-4596-B27A-F67645BA9897}.Release|Any CPU.Build.0 = Release|Any CPU
		{494F5155-7DD4-4CA4-8C5D-5E6CB7CA9C19}.Debug|Any CPU.ActiveCfg = Debug|Any CPU
		{494F5155-7DD4-4CA4-8C5D-5E6CB7CA9C19}.Debug|Any CPU.Build.0 = Debug|Any CPU
		{494F5155-7DD4-4CA4-8C5D-5E6CB7CA9C19}.Release|Any CPU.ActiveCfg = Release|Any CPU
		{494F5155-7DD4-4CA4-8C5D-5E6CB7CA9C19}.Release|Any CPU.Build.0 = Release|Any CPU
		{47C45DA4-3B87-4D08-8896-7E3A015C7E66}.Debug|Any CPU.ActiveCfg = Debug|Any CPU
		{47C45DA4-3B87-4D08-8896-7E3A015C7E66}.Debug|Any CPU.Build.0 = Debug|Any CPU
		{47C45DA4-3B87-4D08-8896-7E3A015C7E66}.Release|Any CPU.ActiveCfg = Release|Any CPU
		{47C45DA4-3B87-4D08-8896-7E3A015C7E66}.Release|Any CPU.Build.0 = Release|Any CPU
		{D4FA3F0D-90A9-4B2E-A499-B3425AF8B77C}.Debug|Any CPU.ActiveCfg = Debug|Any CPU
		{D4FA3F0D-90A9-4B2E-A499-B3425AF8B77C}.Debug|Any CPU.Build.0 = Debug|Any CPU
		{D4FA3F0D-90A9-4B2E-A499-B3425AF8B77C}.Release|Any CPU.ActiveCfg = Release|Any CPU
		{D4FA3F0D-90A9-4B2E-A499-B3425AF8B77C}.Release|Any CPU.Build.0 = Release|Any CPU
		{365DBF59-4641-41D1-BE98-F53F666DA09A}.Debug|Any CPU.ActiveCfg = Debug|Any CPU
		{365DBF59-4641-41D1-BE98-F53F666DA09A}.Debug|Any CPU.Build.0 = Debug|Any CPU
		{365DBF59-4641-41D1-BE98-F53F666DA09A}.Release|Any CPU.ActiveCfg = Release|Any CPU
		{365DBF59-4641-41D1-BE98-F53F666DA09A}.Release|Any CPU.Build.0 = Release|Any CPU
		{DC2B5032-3C94-4EA3-84D8-461ED8DF9B26}.Debug|Any CPU.ActiveCfg = Debug|Any CPU
		{DC2B5032-3C94-4EA3-84D8-461ED8DF9B26}.Debug|Any CPU.Build.0 = Debug|Any CPU
		{DC2B5032-3C94-4EA3-84D8-461ED8DF9B26}.Release|Any CPU.ActiveCfg = Release|Any CPU
		{DC2B5032-3C94-4EA3-84D8-461ED8DF9B26}.Release|Any CPU.Build.0 = Release|Any CPU
		{23B36394-EDD5-4D69-9C37-B8D877CBE8C6}.Debug|Any CPU.ActiveCfg = Debug|Any CPU
		{23B36394-EDD5-4D69-9C37-B8D877CBE8C6}.Debug|Any CPU.Build.0 = Debug|Any CPU
		{23B36394-EDD5-4D69-9C37-B8D877CBE8C6}.Release|Any CPU.ActiveCfg = Release|Any CPU
		{23B36394-EDD5-4D69-9C37-B8D877CBE8C6}.Release|Any CPU.Build.0 = Release|Any CPU
	EndGlobalSection
	GlobalSection(SolutionProperties) = preSolution
		HideSolutionNode = FALSE
	EndGlobalSection
	GlobalSection(NestedProjects) = preSolution
		{D80B5416-19C5-4596-B27A-F67645BA9897} = {D32352C6-DD60-421E-BC73-1F7CC90B945B}
		{494F5155-7DD4-4CA4-8C5D-5E6CB7CA9C19} = {7E16FB68-3F7D-420E-91FB-A67E5E8C0EA9}
		{47C45DA4-3B87-4D08-8896-7E3A015C7E66} = {31B8C718-BC17-4658-A7E3-F39C2118725B}
		{D4FA3F0D-90A9-4B2E-A499-B3425AF8B77C} = {31B8C718-BC17-4658-A7E3-F39C2118725B}
		{365DBF59-4641-41D1-BE98-F53F666DA09A} = {31B8C718-BC17-4658-A7E3-F39C2118725B}
		{DC2B5032-3C94-4EA3-84D8-461ED8DF9B26} = {31B8C718-BC17-4658-A7E3-F39C2118725B}
		{23B36394-EDD5-4D69-9C37-B8D877CBE8C6} = {31B8C718-BC17-4658-A7E3-F39C2118725B}
	EndGlobalSection
	GlobalSection(ExtensibilityGlobals) = postSolution
		SolutionGuid = {2E4970E5-39CB-42E1-8037-F953D76B618B}
	EndGlobalSection
EndGlobal
